
Microsoft Visual Studio Solution File, Format Version 12.00
# Visual Studio Version 17
VisualStudioVersion = 17.0.31903.59
MinimumVisualStudioVersion = 10.0.40219.1
Project("{FAE04EC0-301F-11D3-BF4B-00C04F79EFBC}") = "Jitendex.Import", "Jitendex.Import\Jitendex.Import.csproj", "{32F9E596-3A5E-4954-92DF-D078F8509421}"
EndProject
Project("{FAE04EC0-301F-11D3-BF4B-00C04F79EFBC}") = "Jitendex.Furigana", "Jitendex.Furigana\Jitendex.Furigana.csproj", "{EC818159-168A-4ECD-8200-D6CC89EA6502}"
EndProject
Project("{FAE04EC0-301F-11D3-BF4B-00C04F79EFBC}") = "Jitendex.Furigana.Test", "Jitendex.Furigana.Test\Jitendex.Furigana.Test.csproj", "{7FEA625F-F4F9-49C9-94A4-571DE0933C71}"
EndProject
Project("{FAE04EC0-301F-11D3-BF4B-00C04F79EFBC}") = "Jitendex.JMdict", "Jitendex.JMdict\Jitendex.JMdict.csproj", "{C906C968-0614-4A7F-8634-A045123716B7}"
EndProject
Project("{FAE04EC0-301F-11D3-BF4B-00C04F79EFBC}") = "Jitendex.Kanjidic2", "Jitendex.Kanjidic2\Jitendex.Kanjidic2.csproj", "{05B24CF1-A002-41E1-8BC1-D9F112315BD1}"
EndProject
Project("{FAE04EC0-301F-11D3-BF4B-00C04F79EFBC}") = "Jitendex.KanjiVG", "Jitendex.KanjiVG\Jitendex.KanjiVG.csproj", "{DCD74F66-3765-4245-8A26-5434E241F5DD}"
EndProject
Project("{FAE04EC0-301F-11D3-BF4B-00C04F79EFBC}") = "Jitendex.SQLite", "Jitendex.SQLite\Jitendex.SQLite.csproj", "{5C4A3B24-CF06-48C3-8F07-022B63575185}"
EndProject
Global
	GlobalSection(SolutionConfigurationPlatforms) = preSolution
		Debug|Any CPU = Debug|Any CPU
		Release|Any CPU = Release|Any CPU
	EndGlobalSection
	GlobalSection(SolutionProperties) = preSolution
		HideSolutionNode = FALSE
	EndGlobalSection
	GlobalSection(ProjectConfigurationPlatforms) = postSolution
		{32F9E596-3A5E-4954-92DF-D078F8509421}.Debug|Any CPU.ActiveCfg = Debug|Any CPU
		{32F9E596-3A5E-4954-92DF-D078F8509421}.Debug|Any CPU.Build.0 = Debug|Any CPU
		{32F9E596-3A5E-4954-92DF-D078F8509421}.Release|Any CPU.ActiveCfg = Release|Any CPU
		{32F9E596-3A5E-4954-92DF-D078F8509421}.Release|Any CPU.Build.0 = Release|Any CPU
		{EC818159-168A-4ECD-8200-D6CC89EA6502}.Debug|Any CPU.ActiveCfg = Debug|Any CPU
		{EC818159-168A-4ECD-8200-D6CC89EA6502}.Debug|Any CPU.Build.0 = Debug|Any CPU
		{EC818159-168A-4ECD-8200-D6CC89EA6502}.Release|Any CPU.ActiveCfg = Release|Any CPU
		{EC818159-168A-4ECD-8200-D6CC89EA6502}.Release|Any CPU.Build.0 = Release|Any CPU
		{7FEA625F-F4F9-49C9-94A4-571DE0933C71}.Debug|Any CPU.ActiveCfg = Debug|Any CPU
		{7FEA625F-F4F9-49C9-94A4-571DE0933C71}.Debug|Any CPU.Build.0 = Debug|Any CPU
		{7FEA625F-F4F9-49C9-94A4-571DE0933C71}.Release|Any CPU.ActiveCfg = Release|Any CPU
		{7FEA625F-F4F9-49C9-94A4-571DE0933C71}.Release|Any CPU.Build.0 = Release|Any CPU
		{C906C968-0614-4A7F-8634-A045123716B7}.Debug|Any CPU.ActiveCfg = Debug|Any CPU
		{C906C968-0614-4A7F-8634-A045123716B7}.Debug|Any CPU.Build.0 = Debug|Any CPU
		{C906C968-0614-4A7F-8634-A045123716B7}.Release|Any CPU.ActiveCfg = Release|Any CPU
		{C906C968-0614-4A7F-8634-A045123716B7}.Release|Any CPU.Build.0 = Release|Any CPU
		{05B24CF1-A002-41E1-8BC1-D9F112315BD1}.Debug|Any CPU.ActiveCfg = Debug|Any CPU
		{05B24CF1-A002-41E1-8BC1-D9F112315BD1}.Debug|Any CPU.Build.0 = Debug|Any CPU
		{05B24CF1-A002-41E1-8BC1-D9F112315BD1}.Release|Any CPU.ActiveCfg = Release|Any CPU
		{05B24CF1-A002-41E1-8BC1-D9F112315BD1}.Release|Any CPU.Build.0 = Release|Any CPU
		{DCD74F66-3765-4245-8A26-5434E241F5DD}.Debug|Any CPU.ActiveCfg = Debug|Any CPU
		{DCD74F66-3765-4245-8A26-5434E241F5DD}.Debug|Any CPU.Build.0 = Debug|Any CPU
		{DCD74F66-3765-4245-8A26-5434E241F5DD}.Release|Any CPU.ActiveCfg = Release|Any CPU
		{DCD74F66-3765-4245-8A26-5434E241F5DD}.Release|Any CPU.Build.0 = Release|Any CPU
		{5C4A3B24-CF06-48C3-8F07-022B63575185}.Debug|Any CPU.ActiveCfg = Debug|Any CPU
		{5C4A3B24-CF06-48C3-8F07-022B63575185}.Debug|Any CPU.Build.0 = Debug|Any CPU
		{5C4A3B24-CF06-48C3-8F07-022B63575185}.Release|Any CPU.ActiveCfg = Release|Any CPU
		{5C4A3B24-CF06-48C3-8F07-022B63575185}.Release|Any CPU.Build.0 = Release|Any CPU
	EndGlobalSection
EndGlobal
